
Microsoft Visual Studio Solution File, Format Version 12.00
# Visual Studio Version 17
VisualStudioVersion = 17.6.33829.357
MinimumVisualStudioVersion = 10.0.40219.1
Project("{2150E333-8FDC-42A3-9474-1A3956D46DE8}") = "Services", "Services", "{DC07241B-849B-4237-8FFB-1A7EFA1B0276}"
EndProject
Project("{2150E333-8FDC-42A3-9474-1A3956D46DE8}") = "Catalog", "Catalog", "{CF0141CD-0FD7-473B-8E0D-BD3A86B2502B}"
EndProject
Project("{9A19103F-16F7-4668-BE54-9A1E7A4F7556}") = "Catalog.API", "Services\Catalog\Catalog.API\Catalog.API.csproj", "{C4434A73-19BD-495B-9A1E-5433B425AF3D}"
EndProject
Project("{2150E333-8FDC-42A3-9474-1A3956D46DE8}") = "Shared", "Shared", "{D109B6FF-837E-4773-90B5-FAE8C893DCAE}"
EndProject
Project("{9A19103F-16F7-4668-BE54-9A1E7A4F7556}") = "OpenTelemetry.Shared", "Shared\OpenTelemetry.Shared\OpenTelemetry.Shared.csproj", "{AD37A72C-F36F-4354-A05E-58DA532E5F8E}"
EndProject
Project("{9A19103F-16F7-4668-BE54-9A1E7A4F7556}") = "Logging.Shared", "Shared\Logging.Shared\Logging.Shared.csproj", "{AC0A7E4B-804C-4677-AAE0-232E1C9EDB69}"
EndProject
Project("{9A19103F-16F7-4668-BE54-9A1E7A4F7556}") = "Metric.API", "Shared\Metric.API\Metric.API.csproj", "{24DB5B65-1C45-4931-9948-97D3F0367236}"
EndProject
Project("{9A19103F-16F7-4668-BE54-9A1E7A4F7556}") = "Common.Shared", "Shared\Common.Shared\Common.Shared.csproj", "{D3A7CC6B-2768-4B99-B443-1A8B3A430FBA}"
EndProject
Project("{E53339B2-1760-4266-BCC7-CA923CBCF16C}") = "docker-compose", "docker-compose.dcproj", "{8F198FEB-33D0-46D6-9AC5-3C130A37C500}"
EndProject
Project("{2150E333-8FDC-42A3-9474-1A3956D46DE8}") = "Basket", "Basket", "{EC080036-0082-4932-9661-C621C34724AD}"
EndProject
Project("{9A19103F-16F7-4668-BE54-9A1E7A4F7556}") = "Basket.API", "Services\Basket\Basket.API\Basket.API.csproj", "{AD7CED60-8536-4AB0-9C1A-F1E678ADAE1F}"
EndProject
Project("{2150E333-8FDC-42A3-9474-1A3956D46DE8}") = "Discount", "Discount", "{CFB644C0-A905-4B02-B8F0-1E3823511018}"
EndProject
Project("{9A19103F-16F7-4668-BE54-9A1E7A4F7556}") = "Discount.API", "Services\Discount\Discount.API\Discount.API.csproj", "{73638C1D-D7A8-44A4-8353-D559E99D6CD6}"
EndProject
Project("{FAE04EC0-301F-11D3-BF4B-00C04F79EFBC}") = "Discount.Grpc", "Services\Discount\Discount.Grpc\Discount.Grpc.csproj", "{AF26B899-F818-4A82-8C59-F65B51BA2186}"
EndProject
Global
	GlobalSection(SolutionConfigurationPlatforms) = preSolution
		Debug|Any CPU = Debug|Any CPU
		Release|Any CPU = Release|Any CPU
	EndGlobalSection
	GlobalSection(ProjectConfigurationPlatforms) = postSolution
		{C4434A73-19BD-495B-9A1E-5433B425AF3D}.Debug|Any CPU.ActiveCfg = Debug|Any CPU
		{C4434A73-19BD-495B-9A1E-5433B425AF3D}.Debug|Any CPU.Build.0 = Debug|Any CPU
		{C4434A73-19BD-495B-9A1E-5433B425AF3D}.Release|Any CPU.ActiveCfg = Release|Any CPU
		{C4434A73-19BD-495B-9A1E-5433B425AF3D}.Release|Any CPU.Build.0 = Release|Any CPU
		{AD37A72C-F36F-4354-A05E-58DA532E5F8E}.Debug|Any CPU.ActiveCfg = Debug|Any CPU
		{AD37A72C-F36F-4354-A05E-58DA532E5F8E}.Debug|Any CPU.Build.0 = Debug|Any CPU
		{AD37A72C-F36F-4354-A05E-58DA532E5F8E}.Release|Any CPU.ActiveCfg = Release|Any CPU
		{AD37A72C-F36F-4354-A05E-58DA532E5F8E}.Release|Any CPU.Build.0 = Release|Any CPU
		{AC0A7E4B-804C-4677-AAE0-232E1C9EDB69}.Debug|Any CPU.ActiveCfg = Debug|Any CPU
		{AC0A7E4B-804C-4677-AAE0-232E1C9EDB69}.Debug|Any CPU.Build.0 = Debug|Any CPU
		{AC0A7E4B-804C-4677-AAE0-232E1C9EDB69}.Release|Any CPU.ActiveCfg = Release|Any CPU
		{AC0A7E4B-804C-4677-AAE0-232E1C9EDB69}.Release|Any CPU.Build.0 = Release|Any CPU
		{24DB5B65-1C45-4931-9948-97D3F0367236}.Debug|Any CPU.ActiveCfg = Debug|Any CPU
		{24DB5B65-1C45-4931-9948-97D3F0367236}.Debug|Any CPU.Build.0 = Debug|Any CPU
		{24DB5B65-1C45-4931-9948-97D3F0367236}.Release|Any CPU.ActiveCfg = Release|Any CPU
		{24DB5B65-1C45-4931-9948-97D3F0367236}.Release|Any CPU.Build.0 = Release|Any CPU
		{D3A7CC6B-2768-4B99-B443-1A8B3A430FBA}.Debug|Any CPU.ActiveCfg = Debug|Any CPU
		{D3A7CC6B-2768-4B99-B443-1A8B3A430FBA}.Debug|Any CPU.Build.0 = Debug|Any CPU
		{D3A7CC6B-2768-4B99-B443-1A8B3A430FBA}.Release|Any CPU.ActiveCfg = Release|Any CPU
		{D3A7CC6B-2768-4B99-B443-1A8B3A430FBA}.Release|Any CPU.Build.0 = Release|Any CPU
		{8F198FEB-33D0-46D6-9AC5-3C130A37C500}.Debug|Any CPU.ActiveCfg = Debug|Any CPU
		{8F198FEB-33D0-46D6-9AC5-3C130A37C500}.Debug|Any CPU.Build.0 = Debug|Any CPU
		{8F198FEB-33D0-46D6-9AC5-3C130A37C500}.Release|Any CPU.ActiveCfg = Release|Any CPU
		{8F198FEB-33D0-46D6-9AC5-3C130A37C500}.Release|Any CPU.Build.0 = Release|Any CPU
		{AD7CED60-8536-4AB0-9C1A-F1E678ADAE1F}.Debug|Any CPU.ActiveCfg = Debug|Any CPU
		{AD7CED60-8536-4AB0-9C1A-F1E678ADAE1F}.Debug|Any CPU.Build.0 = Debug|Any CPU
		{AD7CED60-8536-4AB0-9C1A-F1E678ADAE1F}.Release|Any CPU.ActiveCfg = Release|Any CPU
		{AD7CED60-8536-4AB0-9C1A-F1E678ADAE1F}.Release|Any CPU.Build.0 = Release|Any CPU
		{73638C1D-D7A8-44A4-8353-D559E99D6CD6}.Debug|Any CPU.ActiveCfg = Debug|Any CPU
		{73638C1D-D7A8-44A4-8353-D559E99D6CD6}.Debug|Any CPU.Build.0 = Debug|Any CPU
		{73638C1D-D7A8-44A4-8353-D559E99D6CD6}.Release|Any CPU.ActiveCfg = Release|Any CPU
		{73638C1D-D7A8-44A4-8353-D559E99D6CD6}.Release|Any CPU.Build.0 = Release|Any CPU
		{AF26B899-F818-4A82-8C59-F65B51BA2186}.Debug|Any CPU.ActiveCfg = Debug|Any CPU
		{AF26B899-F818-4A82-8C59-F65B51BA2186}.Debug|Any CPU.Build.0 = Debug|Any CPU
		{AF26B899-F818-4A82-8C59-F65B51BA2186}.Release|Any CPU.ActiveCfg = Release|Any CPU
		{AF26B899-F818-4A82-8C59-F65B51BA2186}.Release|Any CPU.Build.0 = Release|Any CPU
	EndGlobalSection
	GlobalSection(SolutionProperties) = preSolution
		HideSolutionNode = FALSE
	EndGlobalSection
	GlobalSection(NestedProjects) = preSolution
		{CF0141CD-0FD7-473B-8E0D-BD3A86B2502B} = {DC07241B-849B-4237-8FFB-1A7EFA1B0276}
		{C4434A73-19BD-495B-9A1E-5433B425AF3D} = {CF0141CD-0FD7-473B-8E0D-BD3A86B2502B}
		{AD37A72C-F36F-4354-A05E-58DA532E5F8E} = {D109B6FF-837E-4773-90B5-FAE8C893DCAE}
		{AC0A7E4B-804C-4677-AAE0-232E1C9EDB69} = {D109B6FF-837E-4773-90B5-FAE8C893DCAE}
		{24DB5B65-1C45-4931-9948-97D3F0367236} = {D109B6FF-837E-4773-90B5-FAE8C893DCAE}
		{D3A7CC6B-2768-4B99-B443-1A8B3A430FBA} = {D109B6FF-837E-4773-90B5-FAE8C893DCAE}
		{EC080036-0082-4932-9661-C621C34724AD} = {DC07241B-849B-4237-8FFB-1A7EFA1B0276}
		{AD7CED60-8536-4AB0-9C1A-F1E678ADAE1F} = {EC080036-0082-4932-9661-C621C34724AD}
		{CFB644C0-A905-4B02-B8F0-1E3823511018} = {DC07241B-849B-4237-8FFB-1A7EFA1B0276}
		{73638C1D-D7A8-44A4-8353-D559E99D6CD6} = {CFB644C0-A905-4B02-B8F0-1E3823511018}
		{AF26B899-F818-4A82-8C59-F65B51BA2186} = {CFB644C0-A905-4B02-B8F0-1E3823511018}
	EndGlobalSection
	GlobalSection(ExtensibilityGlobals) = postSolution
		SolutionGuid = {66415AE8-5998-44BF-BCE3-32BB7F8C0D68}
	EndGlobalSection
EndGlobal
